Microsoft Visual Studio Solution File, Format Version 12.00
# Visual Studio 2012
Project("{FAE04EC0-301F-11D3-BF4B-00C04F79EFBC}") = "TetrisBotAttack", "TetrisBotAttack.csproj", "{3B080E2E-6AF1-477C-B114-806DEC64E7F7}"
EndProject
Global
	GlobalSection(SolutionConfigurationPlatforms) = preSolution
	Debug|Any CPU = Debug|Any CPU
	ExportDebug|Any CPU = ExportDebug|Any CPU
	ExportRelease|Any CPU = ExportRelease|Any CPU
	EndGlobalSection
	GlobalSection(ProjectConfigurationPlatforms) = postSolution
		{3B080E2E-6AF1-477C-B114-806DEC64E7F7}.Debug|Any CPU.ActiveCfg = Debug|Any CPU
		{3B080E2E-6AF1-477C-B114-806DEC64E7F7}.Debug|Any CPU.Build.0 = Debug|Any CPU
		{3B080E2E-6AF1-477C-B114-806DEC64E7F7}.ExportDebug|Any CPU.ActiveCfg = ExportDebug|Any CPU
		{3B080E2E-6AF1-477C-B114-806DEC64E7F7}.ExportDebug|Any CPU.Build.0 = ExportDebug|Any CPU
		{3B080E2E-6AF1-477C-B114-806DEC64E7F7}.ExportRelease|Any CPU.ActiveCfg = ExportRelease|Any CPU
		{3B080E2E-6AF1-477C-B114-806DEC64E7F7}.ExportRelease|Any CPU.Build.0 = ExportRelease|Any CPU
	EndGlobalSection
EndGlobal
